<?xml version="1.0" encoding="utf-8"?>
<Project ToolsVersion="4.0" xmlns="http://schemas.microsoft.com/developer/msbuild/2003">
  <ItemGroup>
    <Filter Include="ソース ファイル">
      <UniqueIdentifier>{4FC737F1-C7A5-4376-A066-2A32D752A2FF}</UniqueIdentifier>
      <Extensions>cpp;c;cc;cxx;def;odl;idl;hpj;bat;asm;asmx</Extensions>
    </Filter>
    <Filter Include="リソース ファイル">
      <UniqueIdentifier>{67DA6AB6-F800-4c08-8B7A-83BB121AAD01}</UniqueIdentifier>
      <Extensions>rc;ico;cur;bmp;dlg;rc2;rct;bin;rgs;gif;jpg;jpeg;jpe;resx;tiff;tif;png;wav;mfcribbon-ms</Extensions>
    </Filter>
    <Filter Include="ソース ファイル\system">
      <UniqueIdentifier>{5dfae46b-ca7f-4549-b3f0-65354fc73a17}</UniqueIdentifier>
    </Filter>
    <Filter Include="ソース ファイル\game_object">
      <UniqueIdentifier>{fc5aa915-5448-4317-987f-cb75edcc6f26}</UniqueIdentifier>
    </Filter>
    <Filter Include="ソース ファイル\resource">
      <UniqueIdentifier>{ef664aa9-42d5-49b4-b0ae-7e58e47f3fdb}</UniqueIdentifier>
    </Filter>
    <Filter Include="ソース ファイル\shader">
      <UniqueIdentifier>{7d1198a4-c05e-40c7-8017-ee785cb44189}</UniqueIdentifier>
    </Filter>
    <Filter Include="ソース ファイル\scene">
      <UniqueIdentifier>{85f63b20-7ac7-4c3d-9b80-359b46358035}</UniqueIdentifier>
    </Filter>
    <Filter Include="ソース ファイル\hlsl">
      <UniqueIdentifier>{25db1fc8-0070-4081-a54d-cd2cdd09820d}</UniqueIdentifier>
    </Filter>
    <Filter Include="ソース ファイル\fbxsdk">
      <UniqueIdentifier>{9c48706c-1bea-42f8-ae8e-6de3615c5921}</UniqueIdentifier>
    </Filter>
    <Filter Include="ソース ファイル\Light">
      <UniqueIdentifier>{97e878c8-85f7-43d8-8443-c3065dc90916}</UniqueIdentifier>
    </Filter>
    <Filter Include="ソース ファイル\stb-master">
      <UniqueIdentifier>{c5cd3dcf-b255-4bfa-998b-51a51715eaf7}</UniqueIdentifier>
    </Filter>
  </ItemGroup>
  <ItemGroup>
    <ClCompile Include="main.cpp">
      <Filter>ソース ファイル\system</Filter>
    </ClCompile>
    <ClCompile Include="manager.cpp">
      <Filter>ソース ファイル\system</Filter>
    </ClCompile>
    <ClCompile Include="renderer.cpp">
      <Filter>ソース ファイル\system</Filter>
    </ClCompile>
    <ClCompile Include="texture.cpp">
      <Filter>ソース ファイル\resource</Filter>
    </ClCompile>
    <ClCompile Include="polygon.cpp">
      <Filter>ソース ファイル\game_object</Filter>
    </ClCompile>
    <ClCompile Include="input.cpp">
      <Filter>ソース ファイル\system</Filter>
    </ClCompile>
    <ClCompile Include="camera.cpp">
      <Filter>ソース ファイル\game_object</Filter>
    </ClCompile>
    <ClCompile Include="field.cpp">
      <Filter>ソース ファイル\game_object</Filter>
    </ClCompile>
    <ClCompile Include="shader.cpp">
      <Filter>ソース ファイル\shader</Filter>
    </ClCompile>
    <ClCompile Include="fbx.cpp">
      <Filter>ソース ファイル\fbxsdk</Filter>
    </ClCompile>
    <ClCompile Include="fbxManager.cpp">
      <Filter>ソース ファイル\fbxsdk</Filter>
    </ClCompile>
    <ClCompile Include="Light.cpp">
      <Filter>ソース ファイル\Light</Filter>
    </ClCompile>
    <ClCompile Include="model.cpp">
      <Filter>ソース ファイル\resource</Filter>
    </ClCompile>
    <ClCompile Include="stb-texture.cpp">
      <Filter>ソース ファイル\stb-master</Filter>
    </ClCompile>
    <ClCompile Include="shaderNormal.cpp">
      <Filter>ソース ファイル\shader</Filter>
    </ClCompile>
    <ClCompile Include="fieldNormal.cpp">
      <Filter>ソース ファイル\game_object</Filter>
    </ClCompile>
  </ItemGroup>
  <ItemGroup>
    <ClInclude Include="main.h">
      <Filter>ソース ファイル\system</Filter>
    </ClInclude>
    <ClInclude Include="manager.h">
      <Filter>ソース ファイル\system</Filter>
    </ClInclude>
    <ClInclude Include="renderer.h">
      <Filter>ソース ファイル\system</Filter>
    </ClInclude>
    <ClInclude Include="texture.h">
      <Filter>ソース ファイル\resource</Filter>
    </ClInclude>
    <ClInclude Include="polygon.h">
      <Filter>ソース ファイル\game_object</Filter>
    </ClInclude>
    <ClInclude Include="game_object.h">
      <Filter>ソース ファイル\game_object</Filter>
    </ClInclude>
    <ClInclude Include="scene.h">
      <Filter>ソース ファイル\scene</Filter>
    </ClInclude>
    <ClInclude Include="input.h">
      <Filter>ソース ファイル\system</Filter>
    </ClInclude>
    <ClInclude Include="shader.h">
      <Filter>ソース ファイル\shader</Filter>
    </ClInclude>
    <ClInclude Include="camera.h">
      <Filter>ソース ファイル\game_object</Filter>
    </ClInclude>
    <ClInclude Include="field.h">
      <Filter>ソース ファイル\game_object</Filter>
    </ClInclude>
    <ClInclude Include="fbx.h">
      <Filter>ソース ファイル\fbxsdk</Filter>
    </ClInclude>
    <ClInclude Include="fbxManager.h">
      <Filter>ソース ファイル\fbxsdk</Filter>
    </ClInclude>
    <ClInclude Include="Light.h">
      <Filter>ソース ファイル\Light</Filter>
    </ClInclude>
    <ClInclude Include="model.h">
      <Filter>ソース ファイル\resource</Filter>
    </ClInclude>
    <ClInclude Include="stb-texture.h">
      <Filter>ソース ファイル\stb-master</Filter>
    </ClInclude>
    <ClInclude Include="shaderNormal.h">
      <Filter>ソース ファイル\shader</Filter>
    </ClInclude>
    <ClInclude Include="fieldNormal.h">
      <Filter>ソース ファイル\game_object</Filter>
    </ClInclude>
  </ItemGroup>
  <ItemGroup>
    <None Include="ClassDiagram.cd" />
  </ItemGroup>
  <ItemGroup>
    <FxCompile Include="shader2DTestVS.hlsl">
      <Filter>ソース ファイル\hlsl</Filter>
    </FxCompile>
    <FxCompile Include="shader2DTestPS.hlsl">
      <Filter>ソース ファイル\hlsl</Filter>
    </FxCompile>
    <FxCompile Include="shader3DTestPS.hlsl">
      <Filter>ソース ファイル\hlsl</Filter>
    </FxCompile>
    <FxCompile Include="shader3DTestVS.hlsl">
      <Filter>ソース ファイル\hlsl</Filter>
    </FxCompile>
    <FxCompile Include="Shader3DNormalMappingVS.hlsl">
      <Filter>ソース ファイル\hlsl</Filter>
    </FxCompile>
    <FxCompile Include="Shader3DNormalMappingPS.hlsl">
      <Filter>ソース ファイル\hlsl</Filter>
    </FxCompile>
  </ItemGroup>
</Project>